{
  "object": {
    "pins": [
      {
        "package": "libwebp",
        "repositoryURL": "https://github.com/SDWebImage/libwebp-Xcode",
        "state": {
          "branch": null,
          "revision": "2b3b43faaef54d1b897482428428357b7f7cd08b",
          "version": "1.2.1"
        }
      },
      {
        "package": "Nuke",
        "repositoryURL": "https://github.com/kean/Nuke.git",
        "state": {
          "branch": null,
          "revision": "958ca90df22fc77fdf33b5b9a6d70102b7743851",
          "version": "10.9.0"
        }
      }
    ]
  },
  "version": 1
}
