{
  "object": {
    "pins": [
      {
        "package": "libwebp",
        "repositoryURL": "https://github.com/SDWebImage/libwebp-Xcode",
        "state": {
          "branch": null,
          "revision": "2b3b43faaef54d1b897482428428357b7f7cd08b",
          "version": "1.2.1"
        }
      },
      {
        "package": "Nuke",
        "repositoryURL": "https://github.com/kean/Nuke.git",
        "state": {
          "branch": null,
          "revision": "0d8a0dc3cca7432a6772ec546a7e5e1b20103bda",
          "version": "11.3.0"
        }
      }
    ]
  },
  "version": 1
}
